
Microsoft Visual Studio Solution File, Format Version 12.00
# Visual Studio Version 16
VisualStudioVersion = 16.0.29519.181
MinimumVisualStudioVersion = 10.0.40219.1
Project("{8BC9CEB8-8B4A-11D0-8D11-00A0C91BC942}") = "Age-of-Empires-3-DE", "Age-of-Empires-3-DE\Age-of-Empires-3-DE.vcxproj", "{F94DECDB-BA1A-489C-8248-AB6F0A19B6D9}"
EndProject
Global
	GlobalSection(SolutionConfigurationPlatforms) = preSolution
		Debug|x64 = Debug|x64
		Debug|x86 = Debug|x86
		Release|x64 = Release|x64
		Release|x86 = Release|x86
	EndGlobalSection
	GlobalSection(ProjectConfigurationPlatforms) = postSolution
		{F94DECDB-BA1A-489C-8248-AB6F0A19B6D9}.Debug|x64.ActiveCfg = Debug|x64
		{F94DECDB-BA1A-489C-8248-AB6F0A19B6D9}.Debug|x64.Build.0 = Debug|x64
		{F94DECDB-BA1A-489C-8248-AB6F0A19B6D9}.Debug|x86.ActiveCfg = Debug|Win32
		{F94DECDB-BA1A-489C-8248-AB6F0A19B6D9}.Debug|x86.Build.0 = Debug|Win32
		{F94DECDB-BA1A-489C-8248-AB6F0A19B6D9}.Release|x64.ActiveCfg = Release|x64
		{F94DECDB-BA1A-489C-8248-AB6F0A19B6D9}.Release|x64.Build.0 = Release|x64
		{F94DECDB-BA1A-489C-8248-AB6F0A19B6D9}.Release|x86.ActiveCfg = Release|Win32
		{F94DECDB-BA1A-489C-8248-AB6F0A19B6D9}.Release|x86.Build.0 = Release|Win32
	EndGlobalSection
	GlobalSection(SolutionProperties) = preSolution
		HideSolutionNode = FALSE
	EndGlobalSection
	GlobalSection(ExtensibilityGlobals) = postSolution
		SolutionGuid = {CE912653-53D3-48BD-8628-D146B5753508}
	EndGlobalSection
EndGlobal
